<?xml version="1.0" encoding="UTF-8"?>
<CodeBlocks_project_file>
	<FileVersion major="1" minor="6"/>
	<Project>
		<Option title="gaijinjam"/>
		<Option makefile_is_custom="1"/>
		<Option compiler="gcc"/>
		<Option virtualFolders="CMake Files\;CMake Files\..\;CMake Files\..\..\;CMake Files\..\..\..\;CMake Files\..\..\..\..\;CMake Files\..\..\..\..\usr\;CMake Files\..\..\..\..\usr\lib64\;CMake Files\..\..\..\..\usr\lib64\cmake\;CMake Files\..\..\..\..\usr\lib64\cmake\SFML\;"/>
		<Build>
			<Target title="all">
				<Option working_dir="/home/bigcubecat/__folder__/GaijinJam"/>
				<Option type="4"/>
				<MakeCommands>
					<Build command="/usr/bin/gmake -f &quot;/home/bigcubecat/__folder__/GaijinJam/Makefile&quot;  VERBOSE=1 all"/>
					<CompileFile command="/usr/bin/gmake -f &quot;/home/bigcubecat/__folder__/GaijinJam/Makefile&quot;  VERBOSE=1 &quot;$file&quot;"/>
					<Clean command="/usr/bin/gmake -f &quot;/home/bigcubecat/__folder__/GaijinJam/Makefile&quot;  VERBOSE=1 clean"/>
					<DistClean command="/usr/bin/gmake -f &quot;/home/bigcubecat/__folder__/GaijinJam/Makefile&quot;  VERBOSE=1 clean"/>
				</MakeCommands>
			</Target>
			<Target title="rebuild_cache">
				<Option working_dir="/home/bigcubecat/__folder__/GaijinJam"/>
				<Option type="4"/>
				<MakeCommands>
					<Build command="/usr/bin/gmake -f &quot;/home/bigcubecat/__folder__/GaijinJam/Makefile&quot;  VERBOSE=1 rebuild_cache"/>
					<CompileFile command="/usr/bin/gmake -f &quot;/home/bigcubecat/__folder__/GaijinJam/Makefile&quot;  VERBOSE=1 &quot;$file&quot;"/>
					<Clean command="/usr/bin/gmake -f &quot;/home/bigcubecat/__folder__/GaijinJam/Makefile&quot;  VERBOSE=1 clean"/>
					<DistClean command="/usr/bin/gmake -f &quot;/home/bigcubecat/__folder__/GaijinJam/Makefile&quot;  VERBOSE=1 clean"/>
				</MakeCommands>
			</Target>
			<Target title="edit_cache">
				<Option working_dir="/home/bigcubecat/__folder__/GaijinJam"/>
				<Option type="4"/>
				<MakeCommands>
					<Build command="/usr/bin/gmake -f &quot;/home/bigcubecat/__folder__/GaijinJam/Makefile&quot;  VERBOSE=1 edit_cache"/>
					<CompileFile command="/usr/bin/gmake -f &quot;/home/bigcubecat/__folder__/GaijinJam/Makefile&quot;  VERBOSE=1 &quot;$file&quot;"/>
					<Clean command="/usr/bin/gmake -f &quot;/home/bigcubecat/__folder__/GaijinJam/Makefile&quot;  VERBOSE=1 clean"/>
					<DistClean command="/usr/bin/gmake -f &quot;/home/bigcubecat/__folder__/GaijinJam/Makefile&quot;  VERBOSE=1 clean"/>
				</MakeCommands>
			</Target>
			<Target title="gaijinjam">
				<Option output="/home/bigcubecat/__folder__/GaijinJam/gaijinjam" prefix_auto="0" extension_auto="0"/>
				<Option working_dir="/home/bigcubecat/__folder__/GaijinJam"/>
				<Option object_output="./"/>
				<Option type="1"/>
				<Option compiler="gcc"/>
				<Compiler/>
				<MakeCommands>
					<Build command="/usr/bin/gmake -f &quot;/home/bigcubecat/__folder__/GaijinJam/Makefile&quot;  VERBOSE=1 gaijinjam"/>
					<CompileFile command="/usr/bin/gmake -f &quot;/home/bigcubecat/__folder__/GaijinJam/Makefile&quot;  VERBOSE=1 &quot;$file&quot;"/>
					<Clean command="/usr/bin/gmake -f &quot;/home/bigcubecat/__folder__/GaijinJam/Makefile&quot;  VERBOSE=1 clean"/>
					<DistClean command="/usr/bin/gmake -f &quot;/home/bigcubecat/__folder__/GaijinJam/Makefile&quot;  VERBOSE=1 clean"/>
				</MakeCommands>
			</Target>
			<Target title="gaijinjam/fast">
				<Option output="/home/bigcubecat/__folder__/GaijinJam/gaijinjam" prefix_auto="0" extension_auto="0"/>
				<Option working_dir="/home/bigcubecat/__folder__/GaijinJam"/>
				<Option object_output="./"/>
				<Option type="1"/>
				<Option compiler="gcc"/>
				<Compiler/>
				<MakeCommands>
					<Build command="/usr/bin/gmake -f &quot;/home/bigcubecat/__folder__/GaijinJam/Makefile&quot;  VERBOSE=1 gaijinjam/fast"/>
					<CompileFile command="/usr/bin/gmake -f &quot;/home/bigcubecat/__folder__/GaijinJam/Makefile&quot;  VERBOSE=1 &quot;$file&quot;"/>
					<Clean command="/usr/bin/gmake -f &quot;/home/bigcubecat/__folder__/GaijinJam/Makefile&quot;  VERBOSE=1 clean"/>
					<DistClean command="/usr/bin/gmake -f &quot;/home/bigcubecat/__folder__/GaijinJam/Makefile&quot;  VERBOSE=1 clean"/>
				</MakeCommands>
			</Target>
		</Build>
		<Unit filename="/home/bigcubecat/__folder__/GaijinJam/headers/Animation.h">
			<Option target="gaijinjam"/>
		</Unit>
		<Unit filename="/home/bigcubecat/__folder__/GaijinJam/headers/Character.h">
			<Option target="gaijinjam"/>
		</Unit>
		<Unit filename="/home/bigcubecat/__folder__/GaijinJam/headers/GameObject.h">
			<Option target="gaijinjam"/>
		</Unit>
		<Unit filename="/home/bigcubecat/__folder__/GaijinJam/headers/Helper.h">
			<Option target="gaijinjam"/>
		</Unit>
		<Unit filename="/home/bigcubecat/__folder__/GaijinJam/headers/Player.h">
			<Option target="gaijinjam"/>
		</Unit>
		<Unit filename="/home/bigcubecat/__folder__/GaijinJam/headers/Wall.h">
			<Option target="gaijinjam"/>
		</Unit>
		<Unit filename="/home/bigcubecat/__folder__/GaijinJam/headers/constants.h">
			<Option target="gaijinjam"/>
		</Unit>
		<Unit filename="/home/bigcubecat/__folder__/GaijinJam/src/Animation.cpp">
			<Option target="gaijinjam"/>
		</Unit>
		<Unit filename="/home/bigcubecat/__folder__/GaijinJam/src/Character.cpp">
			<Option target="gaijinjam"/>
		</Unit>
		<Unit filename="/home/bigcubecat/__folder__/GaijinJam/src/Client.cpp">
			<Option target="gaijinjam"/>
		</Unit>
		<Unit filename="/home/bigcubecat/__folder__/GaijinJam/src/GameObject.cpp">
			<Option target="gaijinjam"/>
		</Unit>
		<Unit filename="/home/bigcubecat/__folder__/GaijinJam/src/Helper.cpp">
			<Option target="gaijinjam"/>
		</Unit>
		<Unit filename="/home/bigcubecat/__folder__/GaijinJam/src/Player.cpp">
			<Option target="gaijinjam"/>
		</Unit>
		<Unit filename="/home/bigcubecat/__folder__/GaijinJam/src/Wall.cpp">
			<Option target="gaijinjam"/>
		</Unit>
		<Unit filename="/home/bigcubecat/__folder__/GaijinJam/src/main.cpp">
			<Option target="gaijinjam"/>
		</Unit>
		<Unit filename="/home/bigcubecat/__folder__/GaijinJam/CMakeLists.txt">
			<Option virtualFolder="CMake Files\"/>
		</Unit>
		<Unit filename="/home/bigcubecat/__folder__/GaijinJam/../../../../usr/lib64/cmake/SFML/SFMLConfig.cmake">
			<Option virtualFolder="CMake Files\..\..\..\..\usr\lib64\cmake\SFML\"/>
		</Unit>
		<Unit filename="/home/bigcubecat/__folder__/GaijinJam/../../../../usr/lib64/cmake/SFML/SFMLConfigDependencies.cmake">
			<Option virtualFolder="CMake Files\..\..\..\..\usr\lib64\cmake\SFML\"/>
		</Unit>
		<Unit filename="/home/bigcubecat/__folder__/GaijinJam/../../../../usr/lib64/cmake/SFML/SFMLConfigVersion.cmake">
			<Option virtualFolder="CMake Files\..\..\..\..\usr\lib64\cmake\SFML\"/>
		</Unit>
		<Unit filename="/home/bigcubecat/__folder__/GaijinJam/../../../../usr/lib64/cmake/SFML/SFMLSharedTargets-release.cmake">
			<Option virtualFolder="CMake Files\..\..\..\..\usr\lib64\cmake\SFML\"/>
		</Unit>
		<Unit filename="/home/bigcubecat/__folder__/GaijinJam/../../../../usr/lib64/cmake/SFML/SFMLSharedTargets.cmake">
			<Option virtualFolder="CMake Files\..\..\..\..\usr\lib64\cmake\SFML\"/>
		</Unit>
	</Project>
</CodeBlocks_project_file>
